
Microsoft Visual Studio Solution File, Format Version 12.00
# Visual Studio Version 17
VisualStudioVersion = 17.7.34031.279
MinimumVisualStudioVersion = 10.0.40219.1
Project("{FAE04EC0-301F-11D3-BF4B-00C04F79EFBC}") = "casa 2", "casa 2\casa 2.csproj", "{312832E4-C7B9-4EBA-A62B-076592A57259}"
EndProject
Global
	GlobalSection(SolutionConfigurationPlatforms) = preSolution
		Debug|Any CPU = Debug|Any CPU
		Release|Any CPU = Release|Any CPU
	EndGlobalSection
	GlobalSection(ProjectConfigurationPlatforms) = postSolution
		{312832E4-C7B9-4EBA-A62B-076592A57259}.Debug|Any CPU.ActiveCfg = Debug|Any CPU
		{312832E4-C7B9-4EBA-A62B-076592A57259}.Debug|Any CPU.Build.0 = Debug|Any CPU
		{312832E4-C7B9-4EBA-A62B-076592A57259}.Release|Any CPU.ActiveCfg = Release|Any CPU
		{312832E4-C7B9-4EBA-A62B-076592A57259}.Release|Any CPU.Build.0 = Release|Any CPU
	EndGlobalSection
	GlobalSection(SolutionProperties) = preSolution
		HideSolutionNode = FALSE
	EndGlobalSection
	GlobalSection(ExtensibilityGlobals) = postSolution
		SolutionGuid = {8B8F4F4A-5576-427A-8C76-EA031F79DC37}
	EndGlobalSection
EndGlobal
